{
  "name": "tracery-studio",
  "version": "1.0.0",
  "lockfileVersion": 3,
  "requires": true,
  "packages": {
    "": {
      "name": "tracery-studio",
      "version": "1.0.0",
      "license": "MIT",
      "dependencies": {
        "tracery-grammar": "^2.8.4"
      },
      "devDependencies": {}
    },
    "node_modules/tracery-grammar": {
      "version": "2.8.4",
      "resolved": "https://registry.npmjs.org/tracery-grammar/-/tracery-grammar-2.8.4.tgz",
      "integrity": "sha512-jUo1Qn1BY6dmlidn8pvbEiVOGVPcw19Qi+6CC+DrS4uJYFfVYLA//KguHU2bDfZrOFxlPkZfN7qf63elYm2pSQ==",
      "license": "ISC"
    }
  }
}
